{
  "nodes": {
    "home-manager": {
      "inputs": {
        "nixpkgs": [
          "nixpkgs"
        ]
      },
      "locked": {
        "lastModified": 1764398914,
        "narHash": "sha256-YPrpwlVQidzQlMh0OnquaJR+58rKe9YNnuRis293Ilo=",
        "owner": "nix-community",
        "repo": "home-manager",
        "rev": "d0c5fdc48db6f19471b8adc954eca09194e68036",
        "type": "github"
      },
      "original": {
        "owner": "nix-community",
        "ref": "release-25.11",
        "repo": "home-manager",
        "type": "github"
      }
    },
    "nixos-hardware": {
      "locked": {
        "lastModified": 1764328224,
        "narHash": "sha256-hFyF1XQd+XrRx7WZCrGJp544dykexD8Q5SrJJZpEQYg=",
        "owner": "nixos",
        "repo": "nixos-hardware",
        "rev": "d62603a997438e19182af69d3ce7be07565ecad4",
        "type": "github"
      },
      "original": {
        "owner": "nixos",
        "repo": "nixos-hardware",
        "type": "github"
      }
    },
    "nixos-vf2": {
      "inputs": {
        "nixpkgs": "nixpkgs",
        "starfive-tools-src": "starfive-tools-src",
        "uboot-src": "uboot-src"
      },
      "locked": {
        "lastModified": 1708174428,
        "narHash": "sha256-Ed6tqTXeHkszCgooWUsQ+xbHtb3q2td7KUCA8ypmsi0=",
        "owner": "Snektron",
        "repo": "nixos-vf2",
        "rev": "cbe218c0b46120eac739b598390471ee1acf31c3",
        "type": "github"
      },
      "original": {
        "owner": "Snektron",
        "repo": "nixos-vf2",
        "type": "github"
      }
    },
    "nixpkgs": {
      "locked": {
        "lastModified": 1707421437,
        "narHash": "sha256-dVloHVRTvxBqO2kBnnqrkeVyI7gaUkkCHWbJMpuvPa0=",
        "owner": "nixos",
        "repo": "nixpkgs",
        "rev": "62b27fc5602b79534e69203a9fe893df56557ec4",
        "type": "github"
      },
      "original": {
        "owner": "nixos",
        "repo": "nixpkgs",
        "type": "github"
      }
    },
    "nixpkgs_2": {
      "locked": {
        "lastModified": 1764338033,
        "narHash": "sha256-1LNGcU+aTbATD3BPCf7U1KsP1CjCH+ZWqM6JH0sZ6Q0=",
        "owner": "nixos",
        "repo": "nixpkgs",
        "rev": "ba9b83e5fb4b552a423d24dabe5ccb47a9c89901",
        "type": "github"
      },
      "original": {
        "owner": "nixos",
        "ref": "nixos-25.11",
        "repo": "nixpkgs",
        "type": "github"
      }
    },
    "root": {
      "inputs": {
        "home-manager": "home-manager",
        "nixos-hardware": "nixos-hardware",
        "nixos-vf2": "nixos-vf2",
        "nixpkgs": "nixpkgs_2"
      }
    },
    "starfive-tools-src": {
      "flake": false,
      "locked": {
        "lastModified": 1695803916,
        "narHash": "sha256-up58PtvnZTi6rGZcP2VwZrZBYajrZf4MzILixqaNKbE=",
        "owner": "starfive-tech",
        "repo": "Tools",
        "rev": "0747c0510e090f69bf7d2884f44903b77b3db5c5",
        "type": "github"
      },
      "original": {
        "owner": "starfive-tech",
        "repo": "Tools",
        "type": "github"
      }
    },
    "uboot-src": {
      "flake": false,
      "locked": {
        "lastModified": 1707763263,
        "narHash": "sha256-8IV8t2HLWDrhGjefBmS84W/t2AhDTDN7TjLguUUsyDY=",
        "owner": "u-boot",
        "repo": "u-boot",
        "rev": "a5f877a0bd64af97dbc812c9a0a8d7d6a353d943",
        "type": "github"
      },
      "original": {
        "owner": "u-boot",
        "repo": "u-boot",
        "type": "github"
      }
    }
  },
  "root": "root",
  "version": 7
}
